Microsoft Visual Studio Solution File, Format Version 12.00
# Visual Studio Version 16
VisualStudioVersion = 16.0.30517.126
MinimumVisualStudioVersion = 10.0.40219.1
Project("{9A19103F-16F7-4668-BE54-9A1E7A4F7556}") = "TechJobsOO", "TechJobsOO\TechJobsOO.csproj", "{C76D48E1-4C5C-4DB4-89A2-DBACCF4CBE4F}"
EndProject
Project("{FAE04EC0-301F-11D3-BF4B-00C04F79EFBC}") = "TechJobTest", "TechJobTest\TechJobTest.csproj", "{19C27B96-A35E-484F-9BAF-76CEB85A77A8}"
EndProject
Global
	GlobalSection(SolutionConfigurationPlatforms) = preSolution
		Debug|Any CPU = Debug|Any CPU
		Release|Any CPU = Release|Any CPU
	EndGlobalSection
	GlobalSection(ProjectConfigurationPlatforms) = postSolution
		{C76D48E1-4C5C-4DB4-89A2-DBACCF4CBE4F}.Debug|Any CPU.ActiveCfg = Debug|Any CPU
		{C76D48E1-4C5C-4DB4-89A2-DBACCF4CBE4F}.Debug|Any CPU.Build.0 = Debug|Any CPU
		{C76D48E1-4C5C-4DB4-89A2-DBACCF4CBE4F}.Release|Any CPU.ActiveCfg = Release|Any CPU
		{C76D48E1-4C5C-4DB4-89A2-DBACCF4CBE4F}.Release|Any CPU.Build.0 = Release|Any CPU
		{19C27B96-A35E-484F-9BAF-76CEB85A77A8}.Debug|Any CPU.ActiveCfg = Debug|Any CPU
		{19C27B96-A35E-484F-9BAF-76CEB85A77A8}.Debug|Any CPU.Build.0 = Debug|Any CPU
		{19C27B96-A35E-484F-9BAF-76CEB85A77A8}.Release|Any CPU.ActiveCfg = Release|Any CPU
		{19C27B96-A35E-484F-9BAF-76CEB85A77A8}.Release|Any CPU.Build.0 = Release|Any CPU
	EndGlobalSection
	GlobalSection(SolutionProperties) = preSolution
		HideSolutionNode = FALSE
	EndGlobalSection
	GlobalSection(ExtensibilityGlobals) = postSolution
		SolutionGuid = {F86F2D1B-6587-45DA-AD34-E47980D7259F}
	EndGlobalSection
EndGlobal
